
Microsoft Visual Studio Solution File, Format Version 12.00
# Visual Studio Version 16
VisualStudioVersion = 16.0.30503.244
MinimumVisualStudioVersion = 10.0.40219.1
Project("{8BC9CEB8-8B4A-11D0-8D11-00A0C91BC942}") = "ConsoleApplication2", "ConsoleApplication2\ConsoleApplication2.vcxproj", "{2DA3053F-0767-4EB7-9EBB-181E63D4A376}"
EndProject
Global
	GlobalSection(SolutionConfigurationPlatforms) = preSolution
		Debug|x64 = Debug|x64
		Debug|x86 = Debug|x86
		Release|x64 = Release|x64
		Release|x86 = Release|x86
	EndGlobalSection
	GlobalSection(ProjectConfigurationPlatforms) = postSolution
		{2DA3053F-0767-4EB7-9EBB-181E63D4A376}.Debug|x64.ActiveCfg = Debug|x64
		{2DA3053F-0767-4EB7-9EBB-181E63D4A376}.Debug|x64.Build.0 = Debug|x64
		{2DA3053F-0767-4EB7-9EBB-181E63D4A376}.Debug|x86.ActiveCfg = Debug|Win32
		{2DA3053F-0767-4EB7-9EBB-181E63D4A376}.Debug|x86.Build.0 = Debug|Win32
		{2DA3053F-0767-4EB7-9EBB-181E63D4A376}.Release|x64.ActiveCfg = Release|x64
		{2DA3053F-0767-4EB7-9EBB-181E63D4A376}.Release|x64.Build.0 = Release|x64
		{2DA3053F-0767-4EB7-9EBB-181E63D4A376}.Release|x86.ActiveCfg = Release|Win32
		{2DA3053F-0767-4EB7-9EBB-181E63D4A376}.Release|x86.Build.0 = Release|Win32
	EndGlobalSection
	GlobalSection(SolutionProperties) = preSolution
		HideSolutionNode = FALSE
	EndGlobalSection
	GlobalSection(ExtensibilityGlobals) = postSolution
		SolutionGuid = {CD3AF6C9-6D9E-4108-B0A1-A29028A28803}
	EndGlobalSection
EndGlobal
